
Microsoft Visual Studio Solution File, Format Version 12.00
# Visual Studio Version 16
VisualStudioVersion = 16.0.32228.343
MinimumVisualStudioVersion = 10.0.40219.1
Project("{FAE04EC0-301F-11D3-BF4B-00C04F79EFBC}") = "Deliverable1", "Deliverable1\Deliverable1.csproj", "{AC4CF12E-44E0-4B39-8B0C-F81DEF6CAD29}"
EndProject
Global
	GlobalSection(SolutionConfigurationPlatforms) = preSolution
		Debug|Any CPU = Debug|Any CPU
		Release|Any CPU = Release|Any CPU
	EndGlobalSection
	GlobalSection(ProjectConfigurationPlatforms) = postSolution
		{AC4CF12E-44E0-4B39-8B0C-F81DEF6CAD29}.Debug|Any CPU.ActiveCfg = Debug|Any CPU
		{AC4CF12E-44E0-4B39-8B0C-F81DEF6CAD29}.Debug|Any CPU.Build.0 = Debug|Any CPU
		{AC4CF12E-44E0-4B39-8B0C-F81DEF6CAD29}.Release|Any CPU.ActiveCfg = Release|Any CPU
		{AC4CF12E-44E0-4B39-8B0C-F81DEF6CAD29}.Release|Any CPU.Build.0 = Release|Any CPU
	EndGlobalSection
	GlobalSection(SolutionProperties) = preSolution
		HideSolutionNode = FALSE
	EndGlobalSection
	GlobalSection(ExtensibilityGlobals) = postSolution
		SolutionGuid = {BD78D2E1-1246-4214-9B4F-86F7D23D2CA2}
	EndGlobalSection
EndGlobal
